
Microsoft Visual Studio Solution File, Format Version 12.00
# Visual Studio Version 17
VisualStudioVersion = 17.13.35931.197
MinimumVisualStudioVersion = 10.0.40219.1
Project("{FAE04EC0-301F-11D3-BF4B-00C04F79EFBC}") = "K6Testing", "K6Testing\K6Testing.csproj", "{C20DA63C-627F-9C7D-4BC6-042822E327C1}"
EndProject
Project("{FAE04EC0-301F-11D3-BF4B-00C04F79EFBC}") = "K6Testing.AppHost", "K6Testing.AppHost\K6Testing.AppHost.csproj", "{F1EFBB40-53C1-4497-874E-35384747B9A6}"
EndProject
Project("{FAE04EC0-301F-11D3-BF4B-00C04F79EFBC}") = "K6Testing.ServiceDefaults", "K6Testing.ServiceDefaults\K6Testing.ServiceDefaults.csproj", "{6854063B-481E-14BD-7D7A-081DFE788960}"
EndProject
Project("{2150E333-8FDC-42A3-9474-1A3956D46DE8}") = "Solution Items", "Solution Items", "{8EC462FD-D22E-90A8-E5CE-7E832BA40C5D}"
	ProjectSection(SolutionItems) = preProject
		README.md = README.md
	EndProjectSection
EndProject
Project("{2150E333-8FDC-42A3-9474-1A3956D46DE8}") = "InfluxDb", "InfluxDb", "{02EA681E-C7D8-13C7-8484-4AC65E1B71E8}"
	ProjectSection(SolutionItems) = preProject
		InfluxDb\.env.influxdb2-admin-password = InfluxDb\.env.influxdb2-admin-password
		InfluxDb\.env.influxdb2-admin-token = InfluxDb\.env.influxdb2-admin-token
		InfluxDb\.env.influxdb2-admin-username = InfluxDb\.env.influxdb2-admin-username
		InfluxDb\docker-compose.yml = InfluxDb\docker-compose.yml
	EndProjectSection
EndProject
Project("{2150E333-8FDC-42A3-9474-1A3956D46DE8}") = "Grafana", "Grafana", "{15CE4398-71E0-4F64-B2D1-DA1F99978044}"
	ProjectSection(SolutionItems) = preProject
		Grafana\K6 Dashboard with InfluxDB and Flux Query Language.json = Grafana\K6 Dashboard with InfluxDB and Flux Query Language.json
	EndProjectSection
EndProject
Global
	GlobalSection(SolutionConfigurationPlatforms) = preSolution
		Debug|Any CPU = Debug|Any CPU
		Release|Any CPU = Release|Any CPU
	EndGlobalSection
	GlobalSection(ProjectConfigurationPlatforms) = postSolution
		{C20DA63C-627F-9C7D-4BC6-042822E327C1}.Debug|Any CPU.ActiveCfg = Debug|Any CPU
		{C20DA63C-627F-9C7D-4BC6-042822E327C1}.Debug|Any CPU.Build.0 = Debug|Any CPU
		{C20DA63C-627F-9C7D-4BC6-042822E327C1}.Release|Any CPU.ActiveCfg = Release|Any CPU
		{C20DA63C-627F-9C7D-4BC6-042822E327C1}.Release|Any CPU.Build.0 = Release|Any CPU
		{F1EFBB40-53C1-4497-874E-35384747B9A6}.Debug|Any CPU.ActiveCfg = Debug|Any CPU
		{F1EFBB40-53C1-4497-874E-35384747B9A6}.Debug|Any CPU.Build.0 = Debug|Any CPU
		{F1EFBB40-53C1-4497-874E-35384747B9A6}.Release|Any CPU.ActiveCfg = Release|Any CPU
		{F1EFBB40-53C1-4497-874E-35384747B9A6}.Release|Any CPU.Build.0 = Release|Any CPU
		{6854063B-481E-14BD-7D7A-081DFE788960}.Debug|Any CPU.ActiveCfg = Debug|Any CPU
		{6854063B-481E-14BD-7D7A-081DFE788960}.Debug|Any CPU.Build.0 = Debug|Any CPU
		{6854063B-481E-14BD-7D7A-081DFE788960}.Release|Any CPU.ActiveCfg = Release|Any CPU
		{6854063B-481E-14BD-7D7A-081DFE788960}.Release|Any CPU.Build.0 = Release|Any CPU
	EndGlobalSection
	GlobalSection(SolutionProperties) = preSolution
		HideSolutionNode = FALSE
	EndGlobalSection
	GlobalSection(ExtensibilityGlobals) = postSolution
		SolutionGuid = {93D4D77D-E457-4569-B9C3-6C8B730F9D86}
	EndGlobalSection
EndGlobal
